
Microsoft Visual Studio Solution File, Format Version 12.00
# Visual Studio 15
VisualStudioVersion = 15.0.27130.2036
MinimumVisualStudioVersion = 10.0.40219.1
Project("{FAE04EC0-301F-11D3-BF4B-00C04F79EFBC}") = "projeto_teste", "projeto_teste\projeto_teste.csproj", "{8AADA897-91F7-49D4-87CF-CAEFF91CEF5E}"
EndProject
Global
	GlobalSection(SolutionConfigurationPlatforms) = preSolution
		Debug|Any CPU = Debug|Any CPU
		Release|Any CPU = Release|Any CPU
	EndGlobalSection
	GlobalSection(ProjectConfigurationPlatforms) = postSolution
		{8AADA897-91F7-49D4-87CF-CAEFF91CEF5E}.Debug|Any CPU.ActiveCfg = Debug|Any CPU
		{8AADA897-91F7-49D4-87CF-CAEFF91CEF5E}.Debug|Any CPU.Build.0 = Debug|Any CPU
		{8AADA897-91F7-49D4-87CF-CAEFF91CEF5E}.Release|Any CPU.ActiveCfg = Release|Any CPU
		{8AADA897-91F7-49D4-87CF-CAEFF91CEF5E}.Release|Any CPU.Build.0 = Release|Any CPU
	EndGlobalSection
	GlobalSection(SolutionProperties) = preSolution
		HideSolutionNode = FALSE
	EndGlobalSection
	GlobalSection(ExtensibilityGlobals) = postSolution
		SolutionGuid = {9C281C49-3634-49DE-92F4-6D6D2F0ECA26}
	EndGlobalSection
EndGlobal
